// !$*UTF8*$!
{
	archiveVersion = 1;
	classes = {
	};
	objectVersion = 56;
	objects = {

/* Begin PBXBuildFile section */
		1E227E9228EDAEEA000E9B26 /* UberSwiftUIApp.swift in Sources */ = {isa = PBXBuildFile; fileRef = 1E227E9128EDAEEA000E9B26 /* UberSwiftUIApp.swift */; };
		1E227E9628EDAEEC000E9B26 /* Assets.xcassets in Resources */ = {isa = PBXBuildFile; fileRef = 1E227E9528EDAEEC000E9B26 /* Assets.xcassets */; };
		1E227E9928EDAEEC000E9B26 /* Preview Assets.xcassets in Resources */ = {isa = PBXBuildFile; fileRef = 1E227E9828EDAEEC000E9B26 /* Preview Assets.xcassets */; };
		1E227EA328EDAEED000E9B26 /* UberSwiftUITests.swift in Sources */ = {isa = PBXBuildFile; fileRef = 1E227EA228EDAEED000E9B26 /* UberSwiftUITests.swift */; };
		1E227EAD28EDAEED000E9B26 /* UberSwiftUIUITests.swift in Sources */ = {isa = PBXBuildFile; fileRef = 1E227EAC28EDAEED000E9B26 /* UberSwiftUIUITests.swift */; };
		1E227EAF28EDAEED000E9B26 /* UberSwiftUIUITestsLaunchTests.swift in Sources */ = {isa = PBXBuildFile; fileRef = 1E227EAE28EDAEED000E9B26 /* UberSwiftUIUITestsLaunchTests.swift */; };
		1E227EC328EDAF64000E9B26 /* HomeView.swift in Sources */ = {isa = PBXBuildFile; fileRef = 1E227EC228EDAF64000E9B26 /* HomeView.swift */; };
		1E227EC528EDAFEA000E9B26 /* UberMapViewRepresentable.swift in Sources */ = {isa = PBXBuildFile; fileRef = 1E227EC428EDAFEA000E9B26 /* UberMapViewRepresentable.swift */; };
		1E227EC728EDBA04000E9B26 /* LocationManager.swift in Sources */ = {isa = PBXBuildFile; fileRef = 1E227EC628EDBA04000E9B26 /* LocationManager.swift */; };
		1E227ECD28EEE1EF000E9B26 /* LocationSearchActivationView.swift in Sources */ = {isa = PBXBuildFile; fileRef = 1E227ECC28EEE1EF000E9B26 /* LocationSearchActivationView.swift */; };
		1E227ECF28EEE488000E9B26 /* MapViewActionButton.swift in Sources */ = {isa = PBXBuildFile; fileRef = 1E227ECE28EEE488000E9B26 /* MapViewActionButton.swift */; };
		1E227ED128EEF618000E9B26 /* LocationSearchView.swift in Sources */ = {isa = PBXBuildFile; fileRef = 1E227ED028EEF618000E9B26 /* LocationSearchView.swift */; };
		1E227ED328EEF8BD000E9B26 /* LocationSearchResultCell.swift in Sources */ = {isa = PBXBuildFile; fileRef = 1E227ED228EEF8BD000E9B26 /* LocationSearchResultCell.swift */; };
		1E227ED528EF142E000E9B26 /* LocationSearchViewModel.swift in Sources */ = {isa = PBXBuildFile; fileRef = 1E227ED428EF142E000E9B26 /* LocationSearchViewModel.swift */; };
		1E227ED729050CD0000E9B26 /* MapViewState.swift in Sources */ = {isa = PBXBuildFile; fileRef = 1E227ED629050CD0000E9B26 /* MapViewState.swift */; };
		1E227EDC2912B7D6000E9B26 /* RideRequestView.swift in Sources */ = {isa = PBXBuildFile; fileRef = 1E227EDB2912B7D6000E9B26 /* RideRequestView.swift */; };
		1E9D5A592915620500747682 /* RideType.swift in Sources */ = {isa = PBXBuildFile; fileRef = 1E9D5A582915620500747682 /* RideType.swift */; };
/* End PBXBuildFile section */

/* Begin PBXContainerItemProxy section */
		1E227E9F28EDAEED000E9B26 /* PBXContainerItemProxy */ = {
			isa = PBXContainerItemProxy;
			containerPortal = 1E227E8628EDAEEA000E9B26 /* Project object */;
			proxyType = 1;
			remoteGlobalIDString = 1E227E8D28EDAEEA000E9B26;
			remoteInfo = UberSwiftUI;
		};
		1E227EA928EDAEED000E9B26 /* PBXContainerItemProxy */ = {
			isa = PBXContainerItemProxy;
			containerPortal = 1E227E8628EDAEEA000E9B26 /* Project object */;
			proxyType = 1;
			remoteGlobalIDString = 1E227E8D28EDAEEA000E9B26;
			remoteInfo = UberSwiftUI;
		};
/* End PBXContainerItemProxy section */

/* Begin PBXFileReference section */
		1E227E8E28EDAEEA000E9B26 /* UberSwiftUI.app */ = {isa = PBXFileReference; explicitFileType = wrapper.application; includeInIndex = 0; path = UberSwiftUI.app; sourceTree = BUILT_PRODUCTS_DIR; };
		1E227E9128EDAEEA000E9B26 /* UberSwiftUIApp.swift */ = {isa = PBXFileReference; lastKnownFileType = sourcecode.swift; path = UberSwiftUIApp.swift; sourceTree = "<group>"; };
		1E227E9528EDAEEC000E9B26 /* Assets.xcassets */ = {isa = PBXFileReference; lastKnownFileType = folder.assetcatalog; path = Assets.xcassets; sourceTree = "<group>"; };
		1E227E9828EDAEEC000E9B26 /* Preview Assets.xcassets */ = {isa = PBXFileReference; lastKnownFileType = folder.assetcatalog; path = "Preview Assets.xcassets"; sourceTree = "<group>"; };
		1E227E9E28EDAEED000E9B26 /* UberSwiftUITests.xctest */ = {isa = PBXFileReference; explicitFileType = wrapper.cfbundle; includeInIndex = 0; path = UberSwiftUITests.xctest; sourceTree = BUILT_PRODUCTS_DIR; };
		1E227EA228EDAEED000E9B26 /* UberSwiftUITests.swift */ = {isa = PBXFileReference; lastKnownFileType = sourcecode.swift; path = UberSwiftUITests.swift; sourceTree = "<group>"; };
		1E227EA828EDAEED000E9B26 /* UberSwiftUIUITests.xctest */ = {isa = PBXFileReference; explicitFileType = wrapper.cfbundle; includeInIndex = 0; path = UberSwiftUIUITests.xctest; sourceTree = BUILT_PRODUCTS_DIR; };
		1E227EAC28EDAEED000E9B26 /* UberSwiftUIUITests.swift */ = {isa = PBXFileReference; lastKnownFileType = sourcecode.swift; path = UberSwiftUIUITests.swift; sourceTree = "<group>"; };
		1E227EAE28EDAEED000E9B26 /* UberSwiftUIUITestsLaunchTests.swift */ = {isa = PBXFileReference; lastKnownFileType = sourcecode.swift; path = UberSwiftUIUITestsLaunchTests.swift; sourceTree = "<group>"; };
		1E227EC228EDAF64000E9B26 /* HomeView.swift */ = {isa = PBXFileReference; lastKnownFileType = sourcecode.swift; path = HomeView.swift; sourceTree = "<group>"; };
		1E227EC428EDAFEA000E9B26 /* UberMapViewRepresentable.swift */ = {isa = PBXFileReference; lastKnownFileType = sourcecode.swift; path = UberMapViewRepresentable.swift; sourceTree = "<group>"; };
		1E227EC628EDBA04000E9B26 /* LocationManager.swift */ = {isa = PBXFileReference; lastKnownFileType = sourcecode.swift; path = LocationManager.swift; sourceTree = "<group>"; };
		1E227ECC28EEE1EF000E9B26 /* LocationSearchActivationView.swift */ = {isa = PBXFileReference; lastKnownFileType = sourcecode.swift; path = LocationSearchActivationView.swift; sourceTree = "<group>"; };
		1E227ECE28EEE488000E9B26 /* MapViewActionButton.swift */ = {isa = PBXFileReference; lastKnownFileType = sourcecode.swift; path = MapViewActionButton.swift; sourceTree = "<group>"; };
		1E227ED028EEF618000E9B26 /* LocationSearchView.swift */ = {isa = PBXFileReference; lastKnownFileType = sourcecode.swift; path = LocationSearchView.swift; sourceTree = "<group>"; };
		1E227ED228EEF8BD000E9B26 /* LocationSearchResultCell.swift */ = {isa = PBXFileReference; lastKnownFileType = sourcecode.swift; path = LocationSearchResultCell.swift; sourceTree = "<group>"; };
		1E227ED428EF142E000E9B26 /* LocationSearchViewModel.swift */ = {isa = PBXFileReference; lastKnownFileType = sourcecode.swift; path = LocationSearchViewModel.swift; sourceTree = "<group>"; };
		1E227ED629050CD0000E9B26 /* MapViewState.swift */ = {isa = PBXFileReference; lastKnownFileType = sourcecode.swift; path = MapViewState.swift; sourceTree = "<group>"; };
		1E227EDB2912B7D6000E9B26 /* RideRequestView.swift */ = {isa = PBXFileReference; lastKnownFileType = sourcecode.swift; path = RideRequestView.swift; sourceTree = "<group>"; };
		1E9D5A582915620500747682 /* RideType.swift */ = {isa = PBXFileReference; lastKnownFileType = sourcecode.swift; path = RideType.swift; sourceTree = "<group>"; };
/* End PBXFileReference section */

/* Begin PBXFrameworksBuildPhase section */
		1E227E8B28EDAEEA000E9B26 /* Frameworks */ = {
			isa = PBXFrameworksBuildPhase;
			buildActionMask = 2147483647;
			files = (
			);
			runOnlyForDeploymentPostprocessing = 0;
		};
		1E227E9B28EDAEED000E9B26 /* Frameworks */ = {
			isa = PBXFrameworksBuildPhase;
			buildActionMask = 2147483647;
			files = (
			);
			runOnlyForDeploymentPostprocessing = 0;
		};
		1E227EA528EDAEED000E9B26 /* Frameworks */ = {
			isa = PBXFrameworksBuildPhase;
			buildActionMask = 2147483647;
			files = (
			);
			runOnlyForDeploymentPostprocessing = 0;
		};
/* End PBXFrameworksBuildPhase section */

/* Begin PBXGroup section */
		1E227E8528EDAEEA000E9B26 = {
			isa = PBXGroup;
			children = (
				1E227E9028EDAEEA000E9B26 /* UberSwiftUI */,
				1E227EA128EDAEED000E9B26 /* UberSwiftUITests */,
				1E227EAB28EDAEED000E9B26 /* UberSwiftUIUITests */,
				1E227E8F28EDAEEA000E9B26 /* Products */,
			);
			sourceTree = "<group>";
		};
		1E227E8F28EDAEEA000E9B26 /* Products */ = {
			isa = PBXGroup;
			children = (
				1E227E8E28EDAEEA000E9B26 /* UberSwiftUI.app */,
				1E227E9E28EDAEED000E9B26 /* UberSwiftUITests.xctest */,
				1E227EA828EDAEED000E9B26 /* UberSwiftUIUITests.xctest */,
			);
			name = Products;
			sourceTree = "<group>";
		};
		1E227E9028EDAEEA000E9B26 /* UberSwiftUI */ = {
			isa = PBXGroup;
			children = (
				1E227EBB28EDAF1B000E9B26 /* App */,
				1E227EBC28EDAF20000E9B26 /* Core */,
				1E227EBD28EDAF24000E9B26 /* Extensions */,
				1E227EBE28EDAF2A000E9B26 /* Managers */,
				1E227EBF28EDAF2F000E9B26 /* Models */,
				1E227E9528EDAEEC000E9B26 /* Assets.xcassets */,
				1E227E9728EDAEEC000E9B26 /* Preview Content */,
			);
			path = UberSwiftUI;
			sourceTree = "<group>";
		};
		1E227E9728EDAEEC000E9B26 /* Preview Content */ = {
			isa = PBXGroup;
			children = (
				1E227E9828EDAEEC000E9B26 /* Preview Assets.xcassets */,
			);
			path = "Preview Content";
			sourceTree = "<group>";
		};
		1E227EA128EDAEED000E9B26 /* UberSwiftUITests */ = {
			isa = PBXGroup;
			children = (
				1E227EA228EDAEED000E9B26 /* UberSwiftUITests.swift */,
			);
			path = UberSwiftUITests;
			sourceTree = "<group>";
		};
		1E227EAB28EDAEED000E9B26 /* UberSwiftUIUITests */ = {
			isa = PBXGroup;
			children = (
				1E227EAC28EDAEED000E9B26 /* UberSwiftUIUITests.swift */,
				1E227EAE28EDAEED000E9B26 /* UberSwiftUIUITestsLaunchTests.swift */,
			);
			path = UberSwiftUIUITests;
			sourceTree = "<group>";
		};
		1E227EBB28EDAF1B000E9B26 /* App */ = {
			isa = PBXGroup;
			children = (
				1E227E9128EDAEEA000E9B26 /* UberSwiftUIApp.swift */,
			);
			path = App;
			sourceTree = "<group>";
		};
		1E227EBC28EDAF20000E9B26 /* Core */ = {
			isa = PBXGroup;
			children = (
				1E227ED829059C22000E9B26 /* Trips */,
				1E227EC928EEE1BD000E9B26 /* LocationSearch */,
				1E227EC828EEE1B2000E9B26 /* Home */,
			);
			path = Core;
			sourceTree = "<group>";
		};
		1E227EBD28EDAF24000E9B26 /* Extensions */ = {
			isa = PBXGroup;
			children = (
			);
			path = Extensions;
			sourceTree = "<group>";
		};
		1E227EBE28EDAF2A000E9B26 /* Managers */ = {
			isa = PBXGroup;
			children = (
				1E227EC628EDBA04000E9B26 /* LocationManager.swift */,
			);
			path = Managers;
			sourceTree = "<group>";
		};
		1E227EBF28EDAF2F000E9B26 /* Models */ = {
			isa = PBXGroup;
			children = (
				1E227ED629050CD0000E9B26 /* MapViewState.swift */,
				1E9D5A582915620500747682 /* RideType.swift */,
			);
			path = Models;
			sourceTree = "<group>";
		};
		1E227EC028EDAF49000E9B26 /* ViewModel */ = {
			isa = PBXGroup;
			children = (
			);
			path = ViewModel;
			sourceTree = "<group>";
		};
		1E227EC128EDAF52000E9B26 /* Views */ = {
			isa = PBXGroup;
			children = (
				1E227EC228EDAF64000E9B26 /* HomeView.swift */,
				1E227EC428EDAFEA000E9B26 /* UberMapViewRepresentable.swift */,
				1E227ECE28EEE488000E9B26 /* MapViewActionButton.swift */,
			);
			path = Views;
			sourceTree = "<group>";
		};
		1E227EC828EEE1B2000E9B26 /* Home */ = {
			isa = PBXGroup;
			children = (
				1E227EC128EDAF52000E9B26 /* Views */,
				1E227EC028EDAF49000E9B26 /* ViewModel */,
			);
			path = Home;
			sourceTree = "<group>";
		};
		1E227EC928EEE1BD000E9B26 /* LocationSearch */ = {
			isa = PBXGroup;
			children = (
				1E227ECB28EEE1C9000E9B26 /* ViewModel */,
				1E227ECA28EEE1C4000E9B26 /* Views */,
			);
			path = LocationSearch;
			sourceTree = "<group>";
		};
		1E227ECA28EEE1C4000E9B26 /* Views */ = {
			isa = PBXGroup;
			children = (
				1E227ECC28EEE1EF000E9B26 /* LocationSearchActivationView.swift */,
				1E227ED028EEF618000E9B26 /* LocationSearchView.swift */,
				1E227ED228EEF8BD000E9B26 /* LocationSearchResultCell.swift */,
			);
			path = Views;
			sourceTree = "<group>";
		};
		1E227ECB28EEE1C9000E9B26 /* ViewModel */ = {
			isa = PBXGroup;
			children = (
				1E227ED428EF142E000E9B26 /* LocationSearchViewModel.swift */,
			);
			path = ViewModel;
			sourceTree = "<group>";
		};
		1E227ED829059C22000E9B26 /* Trips */ = {
			isa = PBXGroup;
			children = (
				1E227EDB2912B7D6000E9B26 /* RideRequestView.swift */,
			);
			path = Trips;
			sourceTree = "<group>";
		};
/* End PBXGroup section */

/* Begin PBXNativeTarget section */
		1E227E8D28EDAEEA000E9B26 /* UberSwiftUI */ = {
			isa = PBXNativeTarget;
			buildConfigurationList = 1E227EB228EDAEED000E9B26 /* Build configuration list for PBXNativeTarget "UberSwiftUI" */;
			buildPhases = (
				1E227E8A28EDAEEA000E9B26 /* Sources */,
				1E227E8B28EDAEEA000E9B26 /* Frameworks */,
				1E227E8C28EDAEEA000E9B26 /* Resources */,
			);
			buildRules = (
			);
			dependencies = (
			);
			name = UberSwiftUI;
			productName = UberSwiftUI;
			productReference = 1E227E8E28EDAEEA000E9B26 /* UberSwiftUI.app */;
			productType = "com.apple.product-type.application";
		};
		1E227E9D28EDAEED000E9B26 /* UberSwiftUITests */ = {
			isa = PBXNativeTarget;
			buildConfigurationList = 1E227EB528EDAEED000E9B26 /* Build configuration list for PBXNativeTarget "UberSwiftUITests" */;
			buildPhases = (
				1E227E9A28EDAEED000E9B26 /* Sources */,
				1E227E9B28EDAEED000E9B26 /* Frameworks */,
				1E227E9C28EDAEED000E9B26 /* Resources */,
			);
			buildRules = (
			);
			dependencies = (
				1E227EA028EDAEED000E9B26 /* PBXTargetDependency */,
			);
			name = UberSwiftUITests;
			productName = UberSwiftUITests;
			productReference = 1E227E9E28EDAEED000E9B26 /* UberSwiftUITests.xctest */;
			productType = "com.apple.product-type.bundle.unit-test";
		};
		1E227EA728EDAEED000E9B26 /* UberSwiftUIUITests */ = {
			isa = PBXNativeTarget;
			buildConfigurationList = 1E227EB828EDAEED000E9B26 /* Build configuration list for PBXNativeTarget "UberSwiftUIUITests" */;
			buildPhases = (
				1E227EA428EDAEED000E9B26 /* Sources */,
				1E227EA528EDAEED000E9B26 /* Frameworks */,
				1E227EA628EDAEED000E9B26 /* Resources */,
			);
			buildRules = (
			);
			dependencies = (
				1E227EAA28EDAEED000E9B26 /* PBXTargetDependency */,
			);
			name = UberSwiftUIUITests;
			productName = UberSwiftUIUITests;
			productReference = 1E227EA828EDAEED000E9B26 /* UberSwiftUIUITests.xctest */;
			productType = "com.apple.product-type.bundle.ui-testing";
		};
/* End PBXNativeTarget section */

/* Begin PBXProject section */
		1E227E8628EDAEEA000E9B26 /* Project object */ = {
			isa = PBXProject;
			attributes = {
				BuildIndependentTargetsInParallel = 1;
				LastSwiftUpdateCheck = 1400;
				LastUpgradeCheck = 1400;
				TargetAttributes = {
					1E227E8D28EDAEEA000E9B26 = {
						CreatedOnToolsVersion = 14.0.1;
					};
					1E227E9D28EDAEED000E9B26 = {
						CreatedOnToolsVersion = 14.0.1;
						TestTargetID = 1E227E8D28EDAEEA000E9B26;
					};
					1E227EA728EDAEED000E9B26 = {
						CreatedOnToolsVersion = 14.0.1;
						TestTargetID = 1E227E8D28EDAEEA000E9B26;
					};
				};
			};
			buildConfigurationList = 1E227E8928EDAEEA000E9B26 /* Build configuration list for PBXProject "UberSwiftUI" */;
			compatibilityVersion = "Xcode 14.0";
			developmentRegion = en;
			hasScannedForEncodings = 0;
			knownRegions = (
				en,
				Base,
			);
			mainGroup = 1E227E8528EDAEEA000E9B26;
			productRefGroup = 1E227E8F28EDAEEA000E9B26 /* Products */;
			projectDirPath = "";
			projectRoot = "";
			targets = (
				1E227E8D28EDAEEA000E9B26 /* UberSwiftUI */,
				1E227E9D28EDAEED000E9B26 /* UberSwiftUITests */,
				1E227EA728EDAEED000E9B26 /* UberSwiftUIUITests */,
			);
		};
/* End PBXProject section */

/* Begin PBXResourcesBuildPhase section */
		1E227E8C28EDAEEA000E9B26 /* Resources */ = {
			isa = PBXResourcesBuildPhase;
			buildActionMask = 2147483647;
			files = (
				1E227E9928EDAEEC000E9B26 /* Preview Assets.xcassets in Resources */,
				1E227E9628EDAEEC000E9B26 /* Assets.xcassets in Resources */,
			);
			runOnlyForDeploymentPostprocessing = 0;
		};
		1E227E9C28EDAEED000E9B26 /* Resources */ = {
			isa = PBXResourcesBuildPhase;
			buildActionMask = 2147483647;
			files = (
			);
			runOnlyForDeploymentPostprocessing = 0;
		};
		1E227EA628EDAEED000E9B26 /* Resources */ = {
			isa = PBXResourcesBuildPhase;
			buildActionMask = 2147483647;
			files = (
			);
			runOnlyForDeploymentPostprocessing = 0;
		};
/* End PBXResourcesBuildPhase section */

/* Begin PBXSourcesBuildPhase section */
		1E227E8A28EDAEEA000E9B26 /* Sources */ = {
			isa = PBXSourcesBuildPhase;
			buildActionMask = 2147483647;
			files = (
				1E227ED528EF142E000E9B26 /* LocationSearchViewModel.swift in Sources */,
				1E227ED128EEF618000E9B26 /* LocationSearchView.swift in Sources */,
				1E227EC728EDBA04000E9B26 /* LocationManager.swift in Sources */,
				1E227EDC2912B7D6000E9B26 /* RideRequestView.swift in Sources */,
				1E227ED729050CD0000E9B26 /* MapViewState.swift in Sources */,
				1E227ECF28EEE488000E9B26 /* MapViewActionButton.swift in Sources */,
				1E227E9228EDAEEA000E9B26 /* UberSwiftUIApp.swift in Sources */,
				1E227EC528EDAFEA000E9B26 /* UberMapViewRepresentable.swift in Sources */,
				1E227EC328EDAF64000E9B26 /* HomeView.swift in Sources */,
				1E227ECD28EEE1EF000E9B26 /* LocationSearchActivationView.swift in Sources */,
				1E227ED328EEF8BD000E9B26 /* LocationSearchResultCell.swift in Sources */,
				1E9D5A592915620500747682 /* RideType.swift in Sources */,
			);
			runOnlyForDeploymentPostprocessing = 0;
		};
		1E227E9A28EDAEED000E9B26 /* Sources */ = {
			isa = PBXSourcesBuildPhase;
			buildActionMask = 2147483647;
			files = (
				1E227EA328EDAEED000E9B26 /* UberSwiftUITests.swift in Sources */,
			);
			runOnlyForDeploymentPostprocessing = 0;
		};
		1E227EA428EDAEED000E9B26 /* Sources */ = {
			isa = PBXSourcesBuildPhase;
			buildActionMask = 2147483647;
			files = (
				1E227EAF28EDAEED000E9B26 /* UberSwiftUIUITestsLaunchTests.swift in Sources */,
				1E227EAD28EDAEED000E9B26 /* UberSwiftUIUITests.swift in Sources */,
			);
			runOnlyForDeploymentPostprocessing = 0;
		};
/* End PBXSourcesBuildPhase section */

/* Begin PBXTargetDependency section */
		1E227EA028EDAEED000E9B26 /* PBXTargetDependency */ = {
			isa = PBXTargetDependency;
			target = 1E227E8D28EDAEEA000E9B26 /* UberSwiftUI */;
			targetProxy = 1E227E9F28EDAEED000E9B26 /* PBXContainerItemProxy */;
		};
		1E227EAA28EDAEED000E9B26 /* PBXTargetDependency */ = {
			isa = PBXTargetDependency;
			target = 1E227E8D28EDAEEA000E9B26 /* UberSwiftUI */;
			targetProxy = 1E227EA928EDAEED000E9B26 /* PBXContainerItemProxy */;
		};
/* End PBXTargetDependency section */

/* Begin XCBuildConfiguration section */
		1E227EB028EDAEED000E9B26 /* Debug */ = {
			isa = XCBuildConfiguration;
			buildSettings = {
				ALWAYS_SEARCH_USER_PATHS = NO;
				CLANG_ANALYZER_NONNULL = YES;
				CLANG_ANALYZER_NUMBER_OBJECT_CONVERSION = YES_AGGRESSIVE;
				CLANG_CXX_LANGUAGE_STANDARD = "gnu++20";
				CLANG_ENABLE_MODULES = YES;
				CLANG_ENABLE_OBJC_ARC = YES;
				CLANG_ENABLE_OBJC_WEAK = YES;
				CLANG_WARN_BLOCK_CAPTURE_AUTORELEASING = YES;
				CLANG_WARN_BOOL_CONVERSION = YES;
				CLANG_WARN_COMMA = YES;
				CLANG_WARN_CONSTANT_CONVERSION = YES;
				CLANG_WARN_DEPRECATED_OBJC_IMPLEMENTATIONS = YES;
				CLANG_WARN_DIRECT_OBJC_ISA_USAGE = YES_ERROR;
				CLANG_WARN_DOCUMENTATION_COMMENTS = YES;
				CLANG_WARN_EMPTY_BODY = YES;
				CLANG_WARN_ENUM_CONVERSION = YES;
				CLANG_WARN_INFINITE_RECURSION = YES;
				CLANG_WARN_INT_CONVERSION = YES;
				CLANG_WARN_NON_LITERAL_NULL_CONVERSION = YES;
				CLANG_WARN_OBJC_IMPLICIT_RETAIN_SELF = YES;
				CLANG_WARN_OBJC_LITERAL_CONVERSION = YES;
				CLANG_WARN_OBJC_ROOT_CLASS = YES_ERROR;
				CLANG_WARN_QUOTED_INCLUDE_IN_FRAMEWORK_HEADER = YES;
				CLANG_WARN_RANGE_LOOP_ANALYSIS = YES;
				CLANG_WARN_STRICT_PROTOTYPES = YES;
				CLANG_WARN_SUSPICIOUS_MOVE = YES;
				CLANG_WARN_UNGUARDED_AVAILABILITY = YES_AGGRESSIVE;
				CLANG_WARN_UNREACHABLE_CODE = YES;
				CLANG_WARN__DUPLICATE_METHOD_MATCH = YES;
				COPY_PHASE_STRIP = NO;
				DEBUG_INFORMATION_FORMAT = dwarf;
				ENABLE_STRICT_OBJC_MSGSEND = YES;
				ENABLE_TESTABILITY = YES;
				GCC_C_LANGUAGE_STANDARD = gnu11;
				GCC_DYNAMIC_NO_PIC = NO;
				GCC_NO_COMMON_BLOCKS = YES;
				GCC_OPTIMIZATION_LEVEL = 0;
				GCC_PREPROCESSOR_DEFINITIONS = (
					"DEBUG=1",
					"$(inherited)",
				);
				GCC_WARN_64_TO_32_BIT_CONVERSION = YES;
				GCC_WARN_ABOUT_RETURN_TYPE = YES_ERROR;
				GCC_WARN_UNDECLARED_SELECTOR = YES;
				GCC_WARN_UNINITIALIZED_AUTOS = YES_AGGRESSIVE;
				GCC_WARN_UNUSED_FUNCTION = YES;
				GCC_WARN_UNUSED_VARIABLE = YES;
				IPHONEOS_DEPLOYMENT_TARGET = 16.0;
				MTL_ENABLE_DEBUG_INFO = INCLUDE_SOURCE;
				MTL_FAST_MATH = YES;
				ONLY_ACTIVE_ARCH = YES;
				SDKROOT = iphoneos;
				SWIFT_ACTIVE_COMPILATION_CONDITIONS = DEBUG;
				SWIFT_OPTIMIZATION_LEVEL = "-Onone";
			};
			name = Debug;
		};
		1E227EB128EDAEED000E9B26 /* Release */ = {
			isa = XCBuildConfiguration;
			buildSettings = {
				ALWAYS_SEARCH_USER_PATHS = NO;
				CLANG_ANALYZER_NONNULL = YES;
				CLANG_ANALYZER_NUMBER_OBJECT_CONVERSION = YES_AGGRESSIVE;
				CLANG_CXX_LANGUAGE_STANDARD = "gnu++20";
				CLANG_ENABLE_MODULES = YES;
				CLANG_ENABLE_OBJC_ARC = YES;
				CLANG_ENABLE_OBJC_WEAK = YES;
				CLANG_WARN_BLOCK_CAPTURE_AUTORELEASING = YES;
				CLANG_WARN_BOOL_CONVERSION = YES;
				CLANG_WARN_COMMA = YES;
				CLANG_WARN_CONSTANT_CONVERSION = YES;
				CLANG_WARN_DEPRECATED_OBJC_IMPLEMENTATIONS = YES;
				CLANG_WARN_DIRECT_OBJC_ISA_USAGE = YES_ERROR;
				CLANG_WARN_DOCUMENTATION_COMMENTS = YES;
				CLANG_WARN_EMPTY_BODY = YES;
				CLANG_WARN_ENUM_CONVERSION = YES;
				CLANG_WARN_INFINITE_RECURSION = YES;
				CLANG_WARN_INT_CONVERSION = YES;
				CLANG_WARN_NON_LITERAL_NULL_CONVERSION = YES;
				CLANG_WARN_OBJC_IMPLICIT_RETAIN_SELF = YES;
				CLANG_WARN_OBJC_LITERAL_CONVERSION = YES;
				CLANG_WARN_OBJC_ROOT_CLASS = YES_ERROR;
				CLANG_WARN_QUOTED_INCLUDE_IN_FRAMEWORK_HEADER = YES;
				CLANG_WARN_RANGE_LOOP_ANALYSIS = YES;
				CLANG_WARN_STRICT_PROTOTYPES = YES;
				CLANG_WARN_SUSPICIOUS_MOVE = YES;
				CLANG_WARN_UNGUARDED_AVAILABILITY = YES_AGGRESSIVE;
				CLANG_WARN_UNREACHABLE_CODE = YES;
				CLANG_WARN__DUPLICATE_METHOD_MATCH = YES;
				COPY_PHASE_STRIP = NO;
				DEBUG_INFORMATION_FORMAT = "dwarf-with-dsym";
				ENABLE_NS_ASSERTIONS = NO;
				ENABLE_STRICT_OBJC_MSGSEND = YES;
				GCC_C_LANGUAGE_STANDARD = gnu11;
				GCC_NO_COMMON_BLOCKS = YES;
				GCC_WARN_64_TO_32_BIT_CONVERSION = YES;
				GCC_WARN_ABOUT_RETURN_TYPE = YES_ERROR;
				GCC_WARN_UNDECLARED_SELECTOR = YES;
				GCC_WARN_UNINITIALIZED_AUTOS = YES_AGGRESSIVE;
				GCC_WARN_UNUSED_FUNCTION = YES;
				GCC_WARN_UNUSED_VARIABLE = YES;
				IPHONEOS_DEPLOYMENT_TARGET = 16.0;
				MTL_ENABLE_DEBUG_INFO = NO;
				MTL_FAST_MATH = YES;
				SDKROOT = iphoneos;
				SWIFT_COMPILATION_MODE = wholemodule;
				SWIFT_OPTIMIZATION_LEVEL = "-O";
				VALIDATE_PRODUCT = YES;
			};
			name = Release;
		};
		1E227EB328EDAEED000E9B26 /* Debug */ = {
			isa = XCBuildConfiguration;
			buildSettings = {
				ASSETCATALOG_COMPILER_APPICON_NAME = AppIcon;
				ASSETCATALOG_COMPILER_GLOBAL_ACCENT_COLOR_NAME = AccentColor;
				CODE_SIGN_STYLE = Automatic;
				CURRENT_PROJECT_VERSION = 1;
				DEVELOPMENT_ASSET_PATHS = "\"UberSwiftUI/Preview Content\"";
				DEVELOPMENT_TEAM = 35QFZC39DW;
				ENABLE_PREVIEWS = YES;
				GENERATE_INFOPLIST_FILE = YES;
				INFOPLIST_KEY_NSLocationWhenInUseUsageDescription = "Please allow us access to your location to find you nearby drivers and rides.";
				INFOPLIST_KEY_UIApplicationSceneManifest_Generation = YES;
				INFOPLIST_KEY_UIApplicationSupportsIndirectInputEvents = YES;
				INFOPLIST_KEY_UILaunchScreen_Generation = YES;
				INFOPLIST_KEY_UISupportedInterfaceOrientations_iPad = "UIInterfaceOrientationPortrait UIInterfaceOrientationPortraitUpsideDown UIInterfaceOrientationLandscapeLeft UIInterfaceOrientationLandscapeRight";
				INFOPLIST_KEY_UISupportedInterfaceOrientations_iPhone = "UIInterfaceOrientationPortrait UIInterfaceOrientationLandscapeLeft UIInterfaceOrientationLandscapeRight";
				LD_RUNPATH_SEARCH_PATHS = (
					"$(inherited)",
					"@executable_path/Frameworks",
				);
				MARKETING_VERSION = 1.0;
				PRODUCT_BUNDLE_IDENTIFIER = co.songpark.UberSwiftUI;
				PRODUCT_NAME = "$(TARGET_NAME)";
				SWIFT_EMIT_LOC_STRINGS = YES;
				SWIFT_VERSION = 5.0;
				TARGETED_DEVICE_FAMILY = "1,2";
			};
			name = Debug;
		};
		1E227EB428EDAEED000E9B26 /* Release */ = {
			isa = XCBuildConfiguration;
			buildSettings = {
				ASSETCATALOG_COMPILER_APPICON_NAME = AppIcon;
				ASSETCATALOG_COMPILER_GLOBAL_ACCENT_COLOR_NAME = AccentColor;
				CODE_SIGN_STYLE = Automatic;
				CURRENT_PROJECT_VERSION = 1;
				DEVELOPMENT_ASSET_PATHS = "\"UberSwiftUI/Preview Content\"";
				DEVELOPMENT_TEAM = 35QFZC39DW;
				ENABLE_PREVIEWS = YES;
				GENERATE_INFOPLIST_FILE = YES;
				INFOPLIST_KEY_NSLocationWhenInUseUsageDescription = "Please allow us access to your location to find you nearby drivers and rides.";
				INFOPLIST_KEY_UIApplicationSceneManifest_Generation = YES;
				INFOPLIST_KEY_UIApplicationSupportsIndirectInputEvents = YES;
				INFOPLIST_KEY_UILaunchScreen_Generation = YES;
				INFOPLIST_KEY_UISupportedInterfaceOrientations_iPad = "UIInterfaceOrientationPortrait UIInterfaceOrientationPortraitUpsideDown UIInterfaceOrientationLandscapeLeft UIInterfaceOrientationLandscapeRight";
				INFOPLIST_KEY_UISupportedInterfaceOrientations_iPhone = "UIInterfaceOrientationPortrait UIInterfaceOrientationLandscapeLeft UIInterfaceOrientationLandscapeRight";
				LD_RUNPATH_SEARCH_PATHS = (
					"$(inherited)",
					"@executable_path/Frameworks",
				);
				MARKETING_VERSION = 1.0;
				PRODUCT_BUNDLE_IDENTIFIER = co.songpark.UberSwiftUI;
				PRODUCT_NAME = "$(TARGET_NAME)";
				SWIFT_EMIT_LOC_STRINGS = YES;
				SWIFT_VERSION = 5.0;
				TARGETED_DEVICE_FAMILY = "1,2";
			};
			name = Release;
		};
		1E227EB628EDAEED000E9B26 /* Debug */ = {
			isa = XCBuildConfiguration;
			buildSettings = {
				ALWAYS_EMBED_SWIFT_STANDARD_LIBRARIES = YES;
				BUNDLE_LOADER = "$(TEST_HOST)";
				CODE_SIGN_STYLE = Automatic;
				CURRENT_PROJECT_VERSION = 1;
				DEVELOPMENT_TEAM = 35QFZC39DW;
				GENERATE_INFOPLIST_FILE = YES;
				IPHONEOS_DEPLOYMENT_TARGET = 16.0;
				MARKETING_VERSION = 1.0;
				PRODUCT_BUNDLE_IDENTIFIER = co.songpark.UberSwiftUITests;
				PRODUCT_NAME = "$(TARGET_NAME)";
				SWIFT_EMIT_LOC_STRINGS = NO;
				SWIFT_VERSION = 5.0;
				TARGETED_DEVICE_FAMILY = "1,2";
				TEST_HOST = "$(BUILT_PRODUCTS_DIR)/UberSwiftUI.app/$(BUNDLE_EXECUTABLE_FOLDER_PATH)/UberSwiftUI";
			};
			name = Debug;
		};
		1E227EB728EDAEED000E9B26 /* Release */ = {
			isa = XCBuildConfiguration;
			buildSettings = {
				ALWAYS_EMBED_SWIFT_STANDARD_LIBRARIES = YES;
				BUNDLE_LOADER = "$(TEST_HOST)";
				CODE_SIGN_STYLE = Automatic;
				CURRENT_PROJECT_VERSION = 1;
				DEVELOPMENT_TEAM = 35QFZC39DW;
				GENERATE_INFOPLIST_FILE = YES;
				IPHONEOS_DEPLOYMENT_TARGET = 16.0;
				MARKETING_VERSION = 1.0;
				PRODUCT_BUNDLE_IDENTIFIER = co.songpark.UberSwiftUITests;
				PRODUCT_NAME = "$(TARGET_NAME)";
				SWIFT_EMIT_LOC_STRINGS = NO;
				SWIFT_VERSION = 5.0;
				TARGETED_DEVICE_FAMILY = "1,2";
				TEST_HOST = "$(BUILT_PRODUCTS_DIR)/UberSwiftUI.app/$(BUNDLE_EXECUTABLE_FOLDER_PATH)/UberSwiftUI";
			};
			name = Release;
		};
		1E227EB928EDAEED000E9B26 /* Debug */ = {
			isa = XCBuildConfiguration;
			buildSettings = {
				ALWAYS_EMBED_SWIFT_STANDARD_LIBRARIES = YES;
				CODE_SIGN_STYLE = Automatic;
				CURRENT_PROJECT_VERSION = 1;
				DEVELOPMENT_TEAM = 35QFZC39DW;
				GENERATE_INFOPLIST_FILE = YES;
				MARKETING_VERSION = 1.0;
				PRODUCT_BUNDLE_IDENTIFIER = co.songpark.UberSwiftUIUITests;
				PRODUCT_NAME = "$(TARGET_NAME)";
				SWIFT_EMIT_LOC_STRINGS = NO;
				SWIFT_VERSION = 5.0;
				TARGETED_DEVICE_FAMILY = "1,2";
				TEST_TARGET_NAME = UberSwiftUI;
			};
			name = Debug;
		};
		1E227EBA28EDAEED000E9B26 /* Release */ = {
			isa = XCBuildConfiguration;
			buildSettings = {
				ALWAYS_EMBED_SWIFT_STANDARD_LIBRARIES = YES;
				CODE_SIGN_STYLE = Automatic;
				CURRENT_PROJECT_VERSION = 1;
				DEVELOPMENT_TEAM = 35QFZC39DW;
				GENERATE_INFOPLIST_FILE = YES;
				MARKETING_VERSION = 1.0;
				PRODUCT_BUNDLE_IDENTIFIER = co.songpark.UberSwiftUIUITests;
				PRODUCT_NAME = "$(TARGET_NAME)";
				SWIFT_EMIT_LOC_STRINGS = NO;
				SWIFT_VERSION = 5.0;
				TARGETED_DEVICE_FAMILY = "1,2";
				TEST_TARGET_NAME = UberSwiftUI;
			};
			name = Release;
		};
/* End XCBuildConfiguration section */

/* Begin XCConfigurationList section */
		1E227E8928EDAEEA000E9B26 /* Build configuration list for PBXProject "UberSwiftUI" */ = {
			isa = XCConfigurationList;
			buildConfigurations = (
				1E227EB028EDAEED000E9B26 /* Debug */,
				1E227EB128EDAEED000E9B26 /* Release */,
			);
			defaultConfigurationIsVisible = 0;
			defaultConfigurationName = Release;
		};
		1E227EB228EDAEED000E9B26 /* Build configuration list for PBXNativeTarget "UberSwiftUI" */ = {
			isa = XCConfigurationList;
			buildConfigurations = (
				1E227EB328EDAEED000E9B26 /* Debug */,
				1E227EB428EDAEED000E9B26 /* Release */,
			);
			defaultConfigurationIsVisible = 0;
			defaultConfigurationName = Release;
		};
		1E227EB528EDAEED000E9B26 /* Build configuration list for PBXNativeTarget "UberSwiftUITests" */ = {
			isa = XCConfigurationList;
			buildConfigurations = (
				1E227EB628EDAEED000E9B26 /* Debug */,
				1E227EB728EDAEED000E9B26 /* Release */,
			);
			defaultConfigurationIsVisible = 0;
			defaultConfigurationName = Release;
		};
		1E227EB828EDAEED000E9B26 /* Build configuration list for PBXNativeTarget "UberSwiftUIUITests" */ = {
			isa = XCConfigurationList;
			buildConfigurations = (
				1E227EB928EDAEED000E9B26 /* Debug */,
				1E227EBA28EDAEED000E9B26 /* Release */,
			);
			defaultConfigurationIsVisible = 0;
			defaultConfigurationName = Release;
		};
/* End XCConfigurationList section */
	};
	rootObject = 1E227E8628EDAEEA000E9B26 /* Project object */;
}
